// !$*UTF8*$!
{
	archiveVersion = 1;
	classes = {
	};
	objectVersion = 50;
	objects = {

/* Begin PBXBuildFile section */
		EF49143324E14F24001CBDE5 /* AppDelegate.swift in Sources */ = {isa = PBXBuildFile; fileRef = EF49143224E14F24001CBDE5 /* AppDelegate.swift */; };
		EF49143524E14F24001CBDE5 /* SceneDelegate.swift in Sources */ = {isa = PBXBuildFile; fileRef = EF49143424E14F24001CBDE5 /* SceneDelegate.swift */; };
		EF49143724E14F24001CBDE5 /* ViewController.swift in Sources */ = {isa = PBXBuildFile; fileRef = EF49143624E14F24001CBDE5 /* ViewController.swift */; };
		EF49143A24E14F24001CBDE5 /* Main.storyboard in Resources */ = {isa = PBXBuildFile; fileRef = EF49143824E14F24001CBDE5 /* Main.storyboard */; };
		EF49143C24E14F25001CBDE5 /* Assets.xcassets in Resources */ = {isa = PBXBuildFile; fileRef = EF49143B24E14F25001CBDE5 /* Assets.xcassets */; };
		EF49143F24E14F25001CBDE5 /* LaunchScreen.storyboard in Resources */ = {isa = PBXBuildFile; fileRef = EF49143D24E14F25001CBDE5 /* LaunchScreen.storyboard */; };
		EF49144824E1502F001CBDE5 /* lamp_on.png in Resources */ = {isa = PBXBuildFile; fileRef = EF49144624E1502F001CBDE5 /* lamp_on.png */; };
		EF49144924E1502F001CBDE5 /* lamp_off.png in Resources */ = {isa = PBXBuildFile; fileRef = EF49144724E1502F001CBDE5 /* lamp_off.png */; };
/* End PBXBuildFile section */

/* Begin PBXFileReference section */
		EF49142F24E14F24001CBDE5 /* ImageView.app */ = {isa = PBXFileReference; explicitFileType = wrapper.application; includeInIndex = 0; path = ImageView.app; sourceTree = BUILT_PRODUCTS_DIR; };
		EF49143224E14F24001CBDE5 /* AppDelegate.swift */ = {isa = PBXFileReference; lastKnownFileType = sourcecode.swift; path = AppDelegate.swift; sourceTree = "<group>"; };
		EF49143424E14F24001CBDE5 /* SceneDelegate.swift */ = {isa = PBXFileReference; lastKnownFileType = sourcecode.swift; path = SceneDelegate.swift; sourceTree = "<group>"; };
		EF49143624E14F24001CBDE5 /* ViewController.swift */ = {isa = PBXFileReference; lastKnownFileType = sourcecode.swift; path = ViewController.swift; sourceTree = "<group>"; };
		EF49143924E14F24001CBDE5 /* Base */ = {isa = PBXFileReference; lastKnownFileType = file.storyboard; name = Base; path = Base.lproj/Main.storyboard; sourceTree = "<group>"; };
		EF49143B24E14F25001CBDE5 /* Assets.xcassets */ = {isa = PBXFileReference; lastKnownFileType = folder.assetcatalog; path = Assets.xcassets; sourceTree = "<group>"; };
		EF49143E24E14F25001CBDE5 /* Base */ = {isa = PBXFileReference; lastKnownFileType = file.storyboard; name = Base; path = Base.lproj/LaunchScreen.storyboard; sourceTree = "<group>"; };
		EF49144024E14F25001CBDE5 /* Info.plist */ = {isa = PBXFileReference; lastKnownFileType = text.plist.xml; path = Info.plist; sourceTree = "<group>"; };
		EF49144624E1502F001CBDE5 /* lamp_on.png */ = {isa = PBXFileReference; lastKnownFileType = image.png; path = lamp_on.png; sourceTree = "<group>"; };
		EF49144724E1502F001CBDE5 /* lamp_off.png */ = {isa = PBXFileReference; lastKnownFileType = image.png; path = lamp_off.png; sourceTree = "<group>"; };
/* End PBXFileReference section */

/* Begin PBXFrameworksBuildPhase section */
		EF49142C24E14F24001CBDE5 /* Frameworks */ = {
			isa = PBXFrameworksBuildPhase;
			buildActionMask = 2147483647;
			files = (
			);
			runOnlyForDeploymentPostprocessing = 0;
		};
/* End PBXFrameworksBuildPhase section */

/* Begin PBXGroup section */
		EF49142624E14F24001CBDE5 = {
			isa = PBXGroup;
			children = (
				EF49143124E14F24001CBDE5 /* ImageView */,
				EF49143024E14F24001CBDE5 /* Products */,
			);
			sourceTree = "<group>";
		};
		EF49143024E14F24001CBDE5 /* Products */ = {
			isa = PBXGroup;
			children = (
				EF49142F24E14F24001CBDE5 /* ImageView.app */,
			);
			name = Products;
			sourceTree = "<group>";
		};
		EF49143124E14F24001CBDE5 /* ImageView */ = {
			isa = PBXGroup;
			children = (
				EF49144724E1502F001CBDE5 /* lamp_off.png */,
				EF49144624E1502F001CBDE5 /* lamp_on.png */,
				EF49143224E14F24001CBDE5 /* AppDelegate.swift */,
				EF49143424E14F24001CBDE5 /* SceneDelegate.swift */,
				EF49143624E14F24001CBDE5 /* ViewController.swift */,
				EF49143824E14F24001CBDE5 /* Main.storyboard */,
				EF49143B24E14F25001CBDE5 /* Assets.xcassets */,
				EF49143D24E14F25001CBDE5 /* LaunchScreen.storyboard */,
				EF49144024E14F25001CBDE5 /* Info.plist */,
			);
			path = ImageView;
			sourceTree = "<group>";
		};
/* End PBXGroup section */

/* Begin PBXNativeTarget section */
		EF49142E24E14F24001CBDE5 /* ImageView */ = {
			isa = PBXNativeTarget;
			buildConfigurationList = EF49144324E14F25001CBDE5 /* Build configuration list for PBXNativeTarget "ImageView" */;
			buildPhases = (
				EF49142B24E14F24001CBDE5 /* Sources */,
				EF49142C24E14F24001CBDE5 /* Frameworks */,
				EF49142D24E14F24001CBDE5 /* Resources */,
			);
			buildRules = (
			);
			dependencies = (
			);
			name = ImageView;
			productName = ImageView;
			productReference = EF49142F24E14F24001CBDE5 /* ImageView.app */;
			productType = "com.apple.product-type.application";
		};
/* End PBXNativeTarget section */

/* Begin PBXProject section */
		EF49142724E14F24001CBDE5 /* Project object */ = {
			isa = PBXProject;
			attributes = {
				LastSwiftUpdateCheck = 1160;
				LastUpgradeCheck = 1160;
				ORGANIZATIONNAME = "장서영";
				TargetAttributes = {
					EF49142E24E14F24001CBDE5 = {
						CreatedOnToolsVersion = 11.6;
					};
				};
			};
			buildConfigurationList = EF49142A24E14F24001CBDE5 /* Build configuration list for PBXProject "ImageView" */;
			compatibilityVersion = "Xcode 9.3";
			developmentRegion = en;
			hasScannedForEncodings = 0;
			knownRegions = (
				en,
				Base,
			);
			mainGroup = EF49142624E14F24001CBDE5;
			productRefGroup = EF49143024E14F24001CBDE5 /* Products */;
			projectDirPath = "";
			projectRoot = "";
			targets = (
				EF49142E24E14F24001CBDE5 /* ImageView */,
			);
		};
/* End PBXProject section */

/* Begin PBXResourcesBuildPhase section */
		EF49142D24E14F24001CBDE5 /* Resources */ = {
			isa = PBXResourcesBuildPhase;
			buildActionMask = 2147483647;
			files = (
				EF49144824E1502F001CBDE5 /* lamp_on.png in Resources */,
				EF49143F24E14F25001CBDE5 /* LaunchScreen.storyboard in Resources */,
				EF49144924E1502F001CBDE5 /* lamp_off.png in Resources */,
				EF49143C24E14F25001CBDE5 /* Assets.xcassets in Resources */,
				EF49143A24E14F24001CBDE5 /* Main.storyboard in Resources */,
			);
			runOnlyForDeploymentPostprocessing = 0;
		};
/* End PBXResourcesBuildPhase section */

/* Begin PBXSourcesBuildPhase section */
		EF49142B24E14F24001CBDE5 /* Sources */ = {
			isa = PBXSourcesBuildPhase;
			buildActionMask = 2147483647;
			files = (
				EF49143724E14F24001CBDE5 /* ViewController.swift in Sources */,
				EF49143324E14F24001CBDE5 /* AppDelegate.swift in Sources */,
				EF49143524E14F24001CBDE5 /* SceneDelegate.swift in Sources */,
			);
			runOnlyForDeploymentPostprocessing = 0;
		};
/* End PBXSourcesBuildPhase section */

/* Begin PBXVariantGroup section */
		EF49143824E14F24001CBDE5 /* Main.storyboard */ = {
			isa = PBXVariantGroup;
			children = (
				EF49143924E14F24001CBDE5 /* Base */,
			);
			name = Main.storyboard;
			sourceTree = "<group>";
		};
		EF49143D24E14F25001CBDE5 /* LaunchScreen.storyboard */ = {
			isa = PBXVariantGroup;
			children = (
				EF49143E24E14F25001CBDE5 /* Base */,
			);
			name = LaunchScreen.storyboard;
			sourceTree = "<group>";
		};
/* End PBXVariantGroup section */

/* Begin XCBuildConfiguration section */
		EF49144124E14F25001CBDE5 /* Debug */ = {
			isa = XCBuildConfiguration;
			buildSettings = {
				ALWAYS_SEARCH_USER_PATHS = NO;
				CLANG_ANALYZER_NONNULL = YES;
				CLANG_ANALYZER_NUMBER_OBJECT_CONVERSION = YES_AGGRESSIVE;
				CLANG_CXX_LANGUAGE_STANDARD = "gnu++14";
				CLANG_CXX_LIBRARY = "libc++";
				CLANG_ENABLE_MODULES = YES;
				CLANG_ENABLE_OBJC_ARC = YES;
				CLANG_ENABLE_OBJC_WEAK = YES;
				CLANG_WARN_BLOCK_CAPTURE_AUTORELEASING = YES;
				CLANG_WARN_BOOL_CONVERSION = YES;
				CLANG_WARN_COMMA = YES;
				CLANG_WARN_CONSTANT_CONVERSION = YES;
				CLANG_WARN_DEPRECATED_OBJC_IMPLEMENTATIONS = YES;
				CLANG_WARN_DIRECT_OBJC_ISA_USAGE = YES_ERROR;
				CLANG_WARN_DOCUMENTATION_COMMENTS = YES;
				CLANG_WARN_EMPTY_BODY = YES;
				CLANG_WARN_ENUM_CONVERSION = YES;
				CLANG_WARN_INFINITE_RECURSION = YES;
				CLANG_WARN_INT_CONVERSION = YES;
				CLANG_WARN_NON_LITERAL_NULL_CONVERSION = YES;
				CLANG_WARN_OBJC_IMPLICIT_RETAIN_SELF = YES;
				CLANG_WARN_OBJC_LITERAL_CONVERSION = YES;
				CLANG_WARN_OBJC_ROOT_CLASS = YES_ERROR;
				CLANG_WARN_RANGE_LOOP_ANALYSIS = YES;
				CLANG_WARN_STRICT_PROTOTYPES = YES;
				CLANG_WARN_SUSPICIOUS_MOVE = YES;
				CLANG_WARN_UNGUARDED_AVAILABILITY = YES_AGGRESSIVE;
				CLANG_WARN_UNREACHABLE_CODE = YES;
				CLANG_WARN__DUPLICATE_METHOD_MATCH = YES;
				COPY_PHASE_STRIP = NO;
				DEBUG_INFORMATION_FORMAT = dwarf;
				ENABLE_STRICT_OBJC_MSGSEND = YES;
				ENABLE_TESTABILITY = YES;
				GCC_C_LANGUAGE_STANDARD = gnu11;
				GCC_DYNAMIC_NO_PIC = NO;
				GCC_NO_COMMON_BLOCKS = YES;
				GCC_OPTIMIZATION_LEVEL = 0;
				GCC_PREPROCESSOR_DEFINITIONS = (
					"DEBUG=1",
					"$(inherited)",
				);
				GCC_WARN_64_TO_32_BIT_CONVERSION = YES;
				GCC_WARN_ABOUT_RETURN_TYPE = YES_ERROR;
				GCC_WARN_UNDECLARED_SELECTOR = YES;
				GCC_WARN_UNINITIALIZED_AUTOS = YES_AGGRESSIVE;
				GCC_WARN_UNUSED_FUNCTION = YES;
				GCC_WARN_UNUSED_VARIABLE = YES;
				IPHONEOS_DEPLOYMENT_TARGET = 13.6;
				MTL_ENABLE_DEBUG_INFO = INCLUDE_SOURCE;
				MTL_FAST_MATH = YES;
				ONLY_ACTIVE_ARCH = YES;
				SDKROOT = iphoneos;
				SWIFT_ACTIVE_COMPILATION_CONDITIONS = DEBUG;
				SWIFT_OPTIMIZATION_LEVEL = "-Onone";
			};
			name = Debug;
		};
		EF49144224E14F25001CBDE5 /* Release */ = {
			isa = XCBuildConfiguration;
			buildSettings = {
				ALWAYS_SEARCH_USER_PATHS = NO;
				CLANG_ANALYZER_NONNULL = YES;
				CLANG_ANALYZER_NUMBER_OBJECT_CONVERSION = YES_AGGRESSIVE;
				CLANG_CXX_LANGUAGE_STANDARD = "gnu++14";
				CLANG_CXX_LIBRARY = "libc++";
				CLANG_ENABLE_MODULES = YES;
				CLANG_ENABLE_OBJC_ARC = YES;
				CLANG_ENABLE_OBJC_WEAK = YES;
				CLANG_WARN_BLOCK_CAPTURE_AUTORELEASING = YES;
				CLANG_WARN_BOOL_CONVERSION = YES;
				CLANG_WARN_COMMA = YES;
				CLANG_WARN_CONSTANT_CONVERSION = YES;
				CLANG_WARN_DEPRECATED_OBJC_IMPLEMENTATIONS = YES;
				CLANG_WARN_DIRECT_OBJC_ISA_USAGE = YES_ERROR;
				CLANG_WARN_DOCUMENTATION_COMMENTS = YES;
				CLANG_WARN_EMPTY_BODY = YES;
				CLANG_WARN_ENUM_CONVERSION = YES;
				CLANG_WARN_INFINITE_RECURSION = YES;
				CLANG_WARN_INT_CONVERSION = YES;
				CLANG_WARN_NON_LITERAL_NULL_CONVERSION = YES;
				CLANG_WARN_OBJC_IMPLICIT_RETAIN_SELF = YES;
				CLANG_WARN_OBJC_LITERAL_CONVERSION = YES;
				CLANG_WARN_OBJC_ROOT_CLASS = YES_ERROR;
				CLANG_WARN_RANGE_LOOP_ANALYSIS = YES;
				CLANG_WARN_STRICT_PROTOTYPES = YES;
				CLANG_WARN_SUSPICIOUS_MOVE = YES;
				CLANG_WARN_UNGUARDED_AVAILABILITY = YES_AGGRESSIVE;
				CLANG_WARN_UNREACHABLE_CODE = YES;
				CLANG_WARN__DUPLICATE_METHOD_MATCH = YES;
				COPY_PHASE_STRIP = NO;
				DEBUG_INFORMATION_FORMAT = "dwarf-with-dsym";
				ENABLE_NS_ASSERTIONS = NO;
				ENABLE_STRICT_OBJC_MSGSEND = YES;
				GCC_C_LANGUAGE_STANDARD = gnu11;
				GCC_NO_COMMON_BLOCKS = YES;
				GCC_WARN_64_TO_32_BIT_CONVERSION = YES;
				GCC_WARN_ABOUT_RETURN_TYPE = YES_ERROR;
				GCC_WARN_UNDECLARED_SELECTOR = YES;
				GCC_WARN_UNINITIALIZED_AUTOS = YES_AGGRESSIVE;
				GCC_WARN_UNUSED_FUNCTION = YES;
				GCC_WARN_UNUSED_VARIABLE = YES;
				IPHONEOS_DEPLOYMENT_TARGET = 13.6;
				MTL_ENABLE_DEBUG_INFO = NO;
				MTL_FAST_MATH = YES;
				SDKROOT = iphoneos;
				SWIFT_COMPILATION_MODE = wholemodule;
				SWIFT_OPTIMIZATION_LEVEL = "-O";
				VALIDATE_PRODUCT = YES;
			};
			name = Release;
		};
		EF49144424E14F25001CBDE5 /* Debug */ = {
			isa = XCBuildConfiguration;
			buildSettings = {
				ASSETCATALOG_COMPILER_APPICON_NAME = AppIcon;
				CODE_SIGN_STYLE = Automatic;
				INFOPLIST_FILE = ImageView/Info.plist;
				LD_RUNPATH_SEARCH_PATHS = (
					"$(inherited)",
					"@executable_path/Frameworks",
				);
				PRODUCT_BUNDLE_IDENTIFIER = ajdflksja.ImageView;
				PRODUCT_NAME = "$(TARGET_NAME)";
				SWIFT_VERSION = 5.0;
				TARGETED_DEVICE_FAMILY = "1,2";
			};
			name = Debug;
		};
		EF49144524E14F25001CBDE5 /* Release */ = {
			isa = XCBuildConfiguration;
			buildSettings = {
				ASSETCATALOG_COMPILER_APPICON_NAME = AppIcon;
				CODE_SIGN_STYLE = Automatic;
				INFOPLIST_FILE = ImageView/Info.plist;
				LD_RUNPATH_SEARCH_PATHS = (
					"$(inherited)",
					"@executable_path/Frameworks",
				);
				PRODUCT_BUNDLE_IDENTIFIER = ajdflksja.ImageView;
				PRODUCT_NAME = "$(TARGET_NAME)";
				SWIFT_VERSION = 5.0;
				TARGETED_DEVICE_FAMILY = "1,2";
			};
			name = Release;
		};
/* End XCBuildConfiguration section */

/* Begin XCConfigurationList section */
		EF49142A24E14F24001CBDE5 /* Build configuration list for PBXProject "ImageView" */ = {
			isa = XCConfigurationList;
			buildConfigurations = (
				EF49144124E14F25001CBDE5 /* Debug */,
				EF49144224E14F25001CBDE5 /* Release */,
			);
			defaultConfigurationIsVisible = 0;
			defaultConfigurationName = Release;
		};
		EF49144324E14F25001CBDE5 /* Build configuration list for PBXNativeTarget "ImageView" */ = {
			isa = XCConfigurationList;
			buildConfigurations = (
				EF49144424E14F25001CBDE5 /* Debug */,
				EF49144524E14F25001CBDE5 /* Release */,
			);
			defaultConfigurationIsVisible = 0;
			defaultConfigurationName = Release;
		};
/* End XCConfigurationList section */
	};
	rootObject = EF49142724E14F24001CBDE5 /* Project object */;
}
